
Microsoft Visual Studio Solution File, Format Version 12.00
# Visual Studio Version 16
VisualStudioVersion = 16.0.31727.386
MinimumVisualStudioVersion = 10.0.40219.1
Project("{2150E333-8FDC-42A3-9474-1A3956D46DE8}") = "HelloWorld", "HelloWorld", "{471780F1-9907-4DF2-A9B9-9C104F88DD84}"
EndProject
Project("{9A19103F-16F7-4668-BE54-9A1E7A4F7556}") = "HelloWorld.Publisher", "HelloWorld\HelloWorld.Publisher\HelloWorld.Publisher.csproj", "{9FB63E1C-3709-4B29-90F1-0D197A061B6C}"
EndProject
Project("{9A19103F-16F7-4668-BE54-9A1E7A4F7556}") = "HelloWorld.Subscriber", "HelloWorld\HelloWorld.Subscriber\HelloWorld.Subscriber.csproj", "{61E61BB6-476D-43F9-804A-2702D2550421}"
EndProject
Project("{2150E333-8FDC-42A3-9474-1A3956D46DE8}") = "FanoutExchange", "FanoutExchange", "{BEEF4992-BFE5-44E8-BDE0-38A32AC5202C}"
EndProject
Project("{FAE04EC0-301F-11D3-BF4B-00C04F79EFBC}") = "FanoutExchange.Publisher", "FanoutExchange\FanoutExchange.Publisher\FanoutExchange.Publisher.csproj", "{F35A294E-0F39-47A7-904F-51DAD9E2B9DD}"
EndProject
Project("{FAE04EC0-301F-11D3-BF4B-00C04F79EFBC}") = "FanoutExchange.Subscriber", "FanoutExchange\FanoutExchange.Subscriber\FanoutExchange.Subscriber.csproj", "{99EAE70A-14AD-4240-95EF-ECA810877353}"
EndProject
Project("{2150E333-8FDC-42A3-9474-1A3956D46DE8}") = "Shared", "Shared", "{B4CCF839-6EED-4000-9540-456D86707757}"
EndProject
Project("{FAE04EC0-301F-11D3-BF4B-00C04F79EFBC}") = "Shared.RabbitMQ", "Shared\Shared.RabbitMQ\Shared.RabbitMQ.csproj", "{C15409D0-7C15-4F05-934F-D781C2851B2D}"
EndProject
Project("{2150E333-8FDC-42A3-9474-1A3956D46DE8}") = "DirectExchange", "DirectExchange", "{FA522450-74DC-466E-838C-EA983270983A}"
EndProject
Project("{FAE04EC0-301F-11D3-BF4B-00C04F79EFBC}") = "DirectExchange.Publisher", "DirectExchange\DirectExchange.Publisher\DirectExchange.Publisher.csproj", "{19B5A176-02BE-4DB8-BB02-FEDB8B4560F4}"
EndProject
Project("{FAE04EC0-301F-11D3-BF4B-00C04F79EFBC}") = "DirectExchange.Subscriber", "DirectExchange\DirectExchange.Subscriber\DirectExchange.Subscriber.csproj", "{8EFA9E05-A341-42CE-8865-C8693A87C06D}"
EndProject
Project("{2150E333-8FDC-42A3-9474-1A3956D46DE8}") = "TopicExchange", "TopicExchange", "{070F5A85-7590-49BE-8143-F7F62FB6AE4B}"
EndProject
Project("{FAE04EC0-301F-11D3-BF4B-00C04F79EFBC}") = "TopicExchange.Publisher", "TopicExchange\TopicExchange.Publisher\TopicExchange.Publisher.csproj", "{27271473-A998-401C-A9E1-D4E5A7A6D377}"
EndProject
Project("{FAE04EC0-301F-11D3-BF4B-00C04F79EFBC}") = "TopicExchange.Subscriber", "TopicExchange\TopicExchange.Subscriber\TopicExchange.Subscriber.csproj", "{F47EE459-6AF9-4350-95DC-4A95B66D3F91}"
EndProject
Global
	GlobalSection(SolutionConfigurationPlatforms) = preSolution
		Debug|Any CPU = Debug|Any CPU
		Release|Any CPU = Release|Any CPU
	EndGlobalSection
	GlobalSection(ProjectConfigurationPlatforms) = postSolution
		{9FB63E1C-3709-4B29-90F1-0D197A061B6C}.Debug|Any CPU.ActiveCfg = Debug|Any CPU
		{9FB63E1C-3709-4B29-90F1-0D197A061B6C}.Debug|Any CPU.Build.0 = Debug|Any CPU
		{9FB63E1C-3709-4B29-90F1-0D197A061B6C}.Release|Any CPU.ActiveCfg = Release|Any CPU
		{9FB63E1C-3709-4B29-90F1-0D197A061B6C}.Release|Any CPU.Build.0 = Release|Any CPU
		{61E61BB6-476D-43F9-804A-2702D2550421}.Debug|Any CPU.ActiveCfg = Debug|Any CPU
		{61E61BB6-476D-43F9-804A-2702D2550421}.Debug|Any CPU.Build.0 = Debug|Any CPU
		{61E61BB6-476D-43F9-804A-2702D2550421}.Release|Any CPU.ActiveCfg = Release|Any CPU
		{61E61BB6-476D-43F9-804A-2702D2550421}.Release|Any CPU.Build.0 = Release|Any CPU
		{F35A294E-0F39-47A7-904F-51DAD9E2B9DD}.Debug|Any CPU.ActiveCfg = Debug|Any CPU
		{F35A294E-0F39-47A7-904F-51DAD9E2B9DD}.Debug|Any CPU.Build.0 = Debug|Any CPU
		{F35A294E-0F39-47A7-904F-51DAD9E2B9DD}.Release|Any CPU.ActiveCfg = Release|Any CPU
		{F35A294E-0F39-47A7-904F-51DAD9E2B9DD}.Release|Any CPU.Build.0 = Release|Any CPU
		{99EAE70A-14AD-4240-95EF-ECA810877353}.Debug|Any CPU.ActiveCfg = Debug|Any CPU
		{99EAE70A-14AD-4240-95EF-ECA810877353}.Debug|Any CPU.Build.0 = Debug|Any CPU
		{99EAE70A-14AD-4240-95EF-ECA810877353}.Release|Any CPU.ActiveCfg = Release|Any CPU
		{99EAE70A-14AD-4240-95EF-ECA810877353}.Release|Any CPU.Build.0 = Release|Any CPU
		{C15409D0-7C15-4F05-934F-D781C2851B2D}.Debug|Any CPU.ActiveCfg = Debug|Any CPU
		{C15409D0-7C15-4F05-934F-D781C2851B2D}.Debug|Any CPU.Build.0 = Debug|Any CPU
		{C15409D0-7C15-4F05-934F-D781C2851B2D}.Release|Any CPU.ActiveCfg = Release|Any CPU
		{C15409D0-7C15-4F05-934F-D781C2851B2D}.Release|Any CPU.Build.0 = Release|Any CPU
		{19B5A176-02BE-4DB8-BB02-FEDB8B4560F4}.Debug|Any CPU.ActiveCfg = Debug|Any CPU
		{19B5A176-02BE-4DB8-BB02-FEDB8B4560F4}.Debug|Any CPU.Build.0 = Debug|Any CPU
		{19B5A176-02BE-4DB8-BB02-FEDB8B4560F4}.Release|Any CPU.ActiveCfg = Release|Any CPU
		{19B5A176-02BE-4DB8-BB02-FEDB8B4560F4}.Release|Any CPU.Build.0 = Release|Any CPU
		{8EFA9E05-A341-42CE-8865-C8693A87C06D}.Debug|Any CPU.ActiveCfg = Debug|Any CPU
		{8EFA9E05-A341-42CE-8865-C8693A87C06D}.Debug|Any CPU.Build.0 = Debug|Any CPU
		{8EFA9E05-A341-42CE-8865-C8693A87C06D}.Release|Any CPU.ActiveCfg = Release|Any CPU
		{8EFA9E05-A341-42CE-8865-C8693A87C06D}.Release|Any CPU.Build.0 = Release|Any CPU
		{27271473-A998-401C-A9E1-D4E5A7A6D377}.Debug|Any CPU.ActiveCfg = Debug|Any CPU
		{27271473-A998-401C-A9E1-D4E5A7A6D377}.Debug|Any CPU.Build.0 = Debug|Any CPU
		{27271473-A998-401C-A9E1-D4E5A7A6D377}.Release|Any CPU.ActiveCfg = Release|Any CPU
		{27271473-A998-401C-A9E1-D4E5A7A6D377}.Release|Any CPU.Build.0 = Release|Any CPU
		{F47EE459-6AF9-4350-95DC-4A95B66D3F91}.Debug|Any CPU.ActiveCfg = Debug|Any CPU
		{F47EE459-6AF9-4350-95DC-4A95B66D3F91}.Debug|Any CPU.Build.0 = Debug|Any CPU
		{F47EE459-6AF9-4350-95DC-4A95B66D3F91}.Release|Any CPU.ActiveCfg = Release|Any CPU
		{F47EE459-6AF9-4350-95DC-4A95B66D3F91}.Release|Any CPU.Build.0 = Release|Any CPU
	EndGlobalSection
	GlobalSection(SolutionProperties) = preSolution
		HideSolutionNode = FALSE
	EndGlobalSection
	GlobalSection(NestedProjects) = preSolution
		{9FB63E1C-3709-4B29-90F1-0D197A061B6C} = {471780F1-9907-4DF2-A9B9-9C104F88DD84}
		{61E61BB6-476D-43F9-804A-2702D2550421} = {471780F1-9907-4DF2-A9B9-9C104F88DD84}
		{F35A294E-0F39-47A7-904F-51DAD9E2B9DD} = {BEEF4992-BFE5-44E8-BDE0-38A32AC5202C}
		{99EAE70A-14AD-4240-95EF-ECA810877353} = {BEEF4992-BFE5-44E8-BDE0-38A32AC5202C}
		{C15409D0-7C15-4F05-934F-D781C2851B2D} = {B4CCF839-6EED-4000-9540-456D86707757}
		{19B5A176-02BE-4DB8-BB02-FEDB8B4560F4} = {FA522450-74DC-466E-838C-EA983270983A}
		{8EFA9E05-A341-42CE-8865-C8693A87C06D} = {FA522450-74DC-466E-838C-EA983270983A}
		{27271473-A998-401C-A9E1-D4E5A7A6D377} = {070F5A85-7590-49BE-8143-F7F62FB6AE4B}
		{F47EE459-6AF9-4350-95DC-4A95B66D3F91} = {070F5A85-7590-49BE-8143-F7F62FB6AE4B}
	EndGlobalSection
	GlobalSection(ExtensibilityGlobals) = postSolution
		SolutionGuid = {2003395C-C75A-4F23-B576-355514AB4F4E}
	EndGlobalSection
EndGlobal
